# This lock file was generated by conda-lock (https://github.com/conda/conda-lock). DO NOT EDIT!
#
# A "lock file" contains a concrete list of package versions (with checksums) to be installed. Unlike
# e.g. `conda env create`, the resulting environment will not change as new package versions become
# available, unless you explicitly update the lock file.
#
# Install this environment as "YOURENV" with:
#     conda-lock install -n YOURENV conda-requirements-riscv-tools-osx-64.conda-lock.yml
# To update a single package to the latest version compatible with the version constraints in the source:
#     conda-lock lock  --lockfile conda-requirements-riscv-tools-osx-64.conda-lock.yml --update PACKAGE
# To re-solve the entire environment, e.g. after changing a version constraint in the source file:
#     conda-lock -f chipyard-base.yaml --lockfile conda-requirements-riscv-tools-osx-64.conda-lock.yml
version: 1
metadata:
  content_hash:
    osx-64: 139a186eb40601a39864d9f21e0fb43be3833eedae8d9b6d4b30ffd7116517a0
  channels:
  - url: ucb-bar
    used_env_vars: []
  - url: conda-forge
    used_env_vars: []
  - url: litex-hub
    used_env_vars: []
  platforms:
  - osx-64
  sources:
  - chipyard-base.yaml
package:
- name: annotated-types
  version: 0.7.0
  manager: conda
  platform: osx-64
  dependencies:
    python: '>=3.9'
    typing-extensions: '>=4.0.0'
  url: https://conda.anaconda.org/conda-forge/noarch/annotated-types-0.7.0-pyhd8ed1ab_1.conda
  hash:
    md5: 2934f256a8acfe48f6ebb4fce6cde29c
    sha256: e0ea1ba78fbb64f17062601edda82097fcf815012cf52bb704150a2668110d48
  category: main
  optional: false
- name: appdirs
  version: 1.4.4
  manager: conda
  platform: osx-64
  dependencies:
    python: '>=3.9'
  url: https://conda.anaconda.org/conda-forge/noarch/appdirs-1.4.4-pyhd8ed1ab_1.conda
  hash:
    md5: f4e90937bbfc3a4a92539545a37bb448
    sha256: 5b9ef6d338525b332e17c3ed089ca2f53a5d74b7a7b432747d29c6466e39346d
  category: main
  optional: false
- name: autoconf
  version: '2.72'
  manager: conda
  platform: osx-64
  dependencies:
    __osx: '>=10.13'
    m4: ''
    perl: 5.*
  url: https://conda.anaconda.org/conda-forge/osx-64/autoconf-2.72-pl5321had7229c_1.conda
  hash:
    md5: 5544811b747d3225ffa21fc4f2483a17
    sha256: 598cfa7e34cb55848ea2b0557278fb36c60053ce05fa5aba244a6179199db514
  category: main
  optional: false
- name: backports
  version: '1.0'
  manager: conda
  platform: osx-64
  dependencies:
    python: '>=3.9'
  url: https://conda.anaconda.org/conda-forge/noarch/backports-1.0-pyhd8ed1ab_5.conda
  hash:
    md5: 767d508c1a67e02ae8f50e44cacfadb2
    sha256: e1c3dc8b5aa6e12145423fed262b4754d70fec601339896b9ccf483178f690a6
  category: main
  optional: false
- name: backports.tarfile
  version: 1.2.0
  manager: conda
  platform: osx-64
  dependencies:
    backports: ''
    python: '>=3.9'
  url: https://conda.anaconda.org/conda-forge/noarch/backports.tarfile-1.2.0-pyhd8ed1ab_1.conda
  hash:
    md5: df837d654933488220b454c6a3b0fad6
    sha256: a0f41db6d7580cec3c850e5d1b82cb03197dd49a3179b1cee59c62cd2c761b36
  category: main
  optional: false
- name: bison
  version: 3.8.2
  manager: conda
  platform: osx-64
  dependencies:
    flex: ''
    libcxx: '>=15.0.7'
    libiconv: '>=1.17,<2.0a0'
  url: https://conda.anaconda.org/conda-forge/osx-64/bison-3.8.2-hd7636e7_0.conda
  hash:
    md5: e47b16ed947bbd492f0ee1269c7e2a45
    sha256: 11c924f8113f2055820ff30a432d3fab4866f07d663be90c72195f352d9c67ce
  category: main
  optional: false
- name: brotli-python
  version: 1.1.0
  manager: conda
  platform: osx-64
  dependencies:
    __osx: '>=10.13'
    libcxx: '>=17'
    python: '>=3.13.0rc1,<3.14.0a0'
    python_abi: 3.13.*
  url: https://conda.anaconda.org/conda-forge/osx-64/brotli-python-1.1.0-py313h9ea2907_2.conda
  hash:
    md5: 38ab121f341a1d8613c3898f36efecab
    sha256: a8ff547af4de5d2d6cb84543a73f924dbbd60029920dbadc27298ea0b48f28bc
  category: main
  optional: false
- name: bzip2
  version: 1.0.8
  manager: conda
  platform: osx-64
  dependencies:
    __osx: '>=10.13'
  url: https://conda.anaconda.org/conda-forge/osx-64/bzip2-1.0.8-hfdf4475_7.conda
  hash:
    md5: 7ed4301d437b59045be7e051a0308211
    sha256: cad153608b81fb24fc8c509357daa9ae4e49dfc535b2cb49b91e23dbd68fc3c5
  category: main
  optional: false
- name: c-ares
  version: 1.34.5
  manager: conda
  platform: osx-64
  dependencies:
    __osx: '>=10.13'
  url: https://conda.anaconda.org/conda-forge/osx-64/c-ares-1.34.5-hf13058a_0.conda
  hash:
    md5: eafe5d9f1a8c514afe41e6e833f66dfd
    sha256: b37f5dacfe1c59e0a207c1d65489b760dff9ddb97b8df7126ceda01692ba6e97
  category: main
  optional: false
- name: ca-certificates
  version: 2025.4.26
  manager: conda
  platform: osx-64
  dependencies:
    __unix: ''
  url: https://conda.anaconda.org/conda-forge/noarch/ca-certificates-2025.4.26-hbd8a1cb_0.conda
  hash:
    md5: 95db94f75ba080a22eb623590993167b
    sha256: 2a70ed95ace8a3f8a29e6cd1476a943df294a7111dfb3e152e3478c4c889b7ac
  category: main
  optional: false
- name: cachecontrol
  version: 0.14.3
  manager: conda
  platform: osx-64
  dependencies:
    msgpack-python: '>=0.5.2,<2.0.0'
    python: '>=3.9'
    requests: '>=2.16.0'
  url: https://conda.anaconda.org/conda-forge/noarch/cachecontrol-0.14.3-pyha770c72_0.conda
  hash:
    md5: 241ef6e3db47a143ac34c21bfba510f1
    sha256: ec791bb6f1ef504411f87b28946a7ae63ed1f3681cefc462cf1dfdaf0790b6a9
  category: main
  optional: false
- name: cachecontrol-with-filecache
  version: 0.14.3
  manager: conda
  platform: osx-64
  dependencies:
    cachecontrol: 0.14.3
    filelock: '>=3.8.0'
    python: '>=3.9'
  url: https://conda.anaconda.org/conda-forge/noarch/cachecontrol-with-filecache-0.14.3-pyhd8ed1ab_0.conda
  hash:
    md5: b4af8c1b61929b1bcb001c2953882149
    sha256: 4ba4d08fba095556b7f1e06ec1dca068b367e68aadab0aca73115d02ddfcd518
  category: main
  optional: false
- name: cachy
  version: 0.3.0
  manager: conda
  platform: osx-64
  dependencies:
    python: '>=3.9'
  url: https://conda.anaconda.org/conda-forge/noarch/cachy-0.3.0-pyhd8ed1ab_2.conda
  hash:
    md5: 1efe226b868cf59b8330356c37c8186e
    sha256: 2560a98e3dc0ff4ff408a199d05922ae10fab2629417c4c4309e4226267cef8c
  category: main
  optional: false
- name: cctools_osx-64
  version: '1010.6'
  manager: conda
  platform: osx-64
  dependencies:
    __osx: '>=10.13'
    ld64_osx-64: '>=951.9,<951.10.0a0'
    libcxx: ''
    libllvm20: '>=20.1.2,<20.2.0a0'
    libzlib: '>=1.3.1,<2.0a0'
    llvm-tools: 20.1.*
    sigtool: ''
  url: https://conda.anaconda.org/conda-forge/osx-64/cctools_osx-64-1010.6-hfe8da7e_6.conda
  hash:
    md5: 9613d173e27079504b2e9be8955d2fbb
    sha256: 566b631eb24b68d625b40ed31a204e9a2895ba747c4190a35c124bd65ebdb251
  category: main
  optional: false
- name: certifi
  version: 2025.4.26
  manager: conda
  platform: osx-64
  dependencies:
    python: '>=3.9'
  url: https://conda.anaconda.org/conda-forge/noarch/certifi-2025.4.26-pyhd8ed1ab_0.conda
  hash:
    md5: c33eeaaa33f45031be34cda513df39b6
    sha256: 52aa837642fd851b3f7ad3b1f66afc5366d133c1d452323f786b0378a391915c
  category: main
  optional: false
- name: charset-normalizer
  version: 3.4.2
  manager: conda
  platform: osx-64
  dependencies:
    python: '>=3.9'
  url: https://conda.anaconda.org/conda-forge/noarch/charset-normalizer-3.4.2-pyhd8ed1ab_0.conda
  hash:
    md5: 40fe4284b8b5835a9073a645139f35af
    sha256: 535ae5dcda8022e31c6dc063eb344c80804c537a5a04afba43a845fa6fa130f5
  category: main
  optional: false
- name: clang
  version: 20.1.5
  manager: conda
  platform: osx-64
  dependencies:
    clang-20: 20.1.5
  url: https://conda.anaconda.org/conda-forge/osx-64/clang-20.1.5-default_h811ddef_1.conda
  hash:
    md5: ebcdce06a34cd866eac1b286462c18cb
    sha256: 1ed90b3ecaadfc684cd5cd30ab525926f4e25cb0705f4c736e918f0bd6e72785
  category: main
  optional: false
- name: clang-20
  version: 20.1.5
  manager: conda
  platform: osx-64
  dependencies:
    __osx: '>=10.13'
    libclang-cpp20.1: 20.1.5
    libcxx: '>=20.1.5'
    libllvm20: '>=20.1.5,<20.2.0a0'
  url: https://conda.anaconda.org/conda-forge/osx-64/clang-20-20.1.5-default_hf9570e0_1.conda
  hash:
    md5: a6f4bf14c909cd8a0004ad5ee60c3282
    sha256: 93d5a40679f943707996ee78ed2ef656ff7b8b81e78fefb130e670f1772867b0
  category: main
  optional: false
- name: clang_impl_osx-64
  version: 20.1.5
  manager: conda
  platform: osx-64
  dependencies:
    cctools_osx-64: ''
    clang: 20.1.5.*
    compiler-rt: 20.1.5.*
    ld64_osx-64: ''
    llvm-tools: 20.1.5.*
  url: https://conda.anaconda.org/conda-forge/osx-64/clang_impl_osx-64-20.1.5-h67cac6e_24.conda
  hash:
    md5: 745f5b5e91825a0ab5a704dcb6996911
    sha256: 8fdc6c12565289888a1da55504e26de42ac39b026b911ee28fe13ac44a2be90c
  category: main
  optional: false
- name: clang_osx-64
  version: 20.1.5
  manager: conda
  platform: osx-64
  dependencies:
    clang_impl_osx-64: 20.1.5
  url: https://conda.anaconda.org/conda-forge/osx-64/clang_osx-64-20.1.5-h7e5c614_24.conda
  hash:
    md5: d0c3e9b2030657c4884dd6df42107187
    sha256: c8e629fcc3adfaafbeda9600f140bbd32fb578fc5b3d0ed4b5f6702396eb3bd9
  category: main
  optional: false
- name: clangxx
  version: 20.1.5
  manager: conda
  platform: osx-64
  dependencies:
    clang: 20.1.5
    libcxx-devel: 20.1.*
  url: https://conda.anaconda.org/conda-forge/osx-64/clangxx-20.1.5-default_hb2955f5_1.conda
  hash:
    md5: 25b5cfacdd4ab040c22de57183ef686e
    sha256: 9865a985ef9ed5cd4bb22df1b785d0375bfb2f7ea32997cf1f5cf7193af898aa
  category: main
  optional: false
- name: clangxx_impl_osx-64
  version: 20.1.5
  manager: conda
  platform: osx-64
  dependencies:
    clang_osx-64: 20.1.5
    clangxx: 20.1.5.*
    libcxx: '>=20'
    libllvm20: '>=20.1.5,<20.2.0a0'
  url: https://conda.anaconda.org/conda-forge/osx-64/clangxx_impl_osx-64-20.1.5-hc0b3369_24.conda
  hash:
    md5: 6a56515dd337240f951de5af61ebe2ee
    sha256: aa46b0aa597a902ae4c8bd014edcdd6ceebb42549c2408d4c0821c77b107f297
  category: main
  optional: false
- name: clangxx_osx-64
  version: 20.1.5
  manager: conda
  platform: osx-64
  dependencies:
    clang_osx-64: 20.1.5
    clangxx_impl_osx-64: 20.1.5
  url: https://conda.anaconda.org/conda-forge/osx-64/clangxx_osx-64-20.1.5-h7e5c614_24.conda
  hash:
    md5: 3679f2d8d4fa08bcdf30e1c48788bb9e
    sha256: 3cbd7d09437d7870fb763277aab771e56eb519689b9e854285e880f0c17443bd
  category: main
  optional: false
- name: click
  version: 8.2.1
  manager: conda
  platform: osx-64
  dependencies:
    __unix: ''
    python: '>=3.10'
  url: https://conda.anaconda.org/conda-forge/noarch/click-8.2.1-pyh707e725_0.conda
  hash:
    md5: 94b550b8d3a614dbd326af798c7dfb40
    sha256: 8aee789c82d8fdd997840c952a586db63c6890b00e88c4fb6e80a38edd5f51c0
  category: main
  optional: false
- name: click-default-group
  version: 1.2.4
  manager: conda
  platform: osx-64
  dependencies:
    click: ''
    python: '>=3.9'
  url: https://conda.anaconda.org/conda-forge/noarch/click-default-group-1.2.4-pyhd8ed1ab_1.conda
  hash:
    md5: 7cd83dd6831b61ad9624a694e4afd7dc
    sha256: cb7279eecddbd35ea78fd0e189a9a7db8b84c2c0e3b1271cf26251615f75dc4d
  category: main
  optional: false
- name: clikit
  version: 0.6.2
  manager: conda
  platform: osx-64
  dependencies:
    pastel: '>=0.2.0,<0.3.0'
    pylev: '>=1.3,<2.0'
    python: '>=3.9'
  url: https://conda.anaconda.org/conda-forge/noarch/clikit-0.6.2-pyhd8ed1ab_3.conda
  hash:
    md5: 37e178bf9356122c35005a62d850e5d9
    sha256: da000653be96a15b9aad5c59f655dbd4a60cb66fc0137e1018db9de76671bb08
  category: main
  optional: false
- name: compiler-rt
  version: 20.1.5
  manager: conda
  platform: osx-64
  dependencies:
    __osx: '>=10.13'
    clang: 20.1.5.*
    compiler-rt_osx-64: 20.1.5.*
  url: https://conda.anaconda.org/conda-forge/osx-64/compiler-rt-20.1.5-h52031e2_0.conda
  hash:
    md5: 7189b17545676fa2a48ae803ba2bbcc6
    sha256: c219b2cebfbe940f3acedee059be45eaa2d6e5aa5231a0a5c319f8d3dac427ec
  category: main
  optional: false
- name: compiler-rt_osx-64
  version: 20.1.5
  manager: conda
  platform: osx-64
  dependencies:
    clang: 20.1.5.*
  url: https://conda.anaconda.org/conda-forge/noarch/compiler-rt_osx-64-20.1.5-hc6f8467_0.conda
  hash:
    md5: 7472a040e6812ff755324cf2cc7d2c22
    sha256: 583c597b8b5e2a73ce452971cb2e3581ae5e4554a916adafe4201b951d96a47a
  category: main
  optional: false
- name: conda-lock
  version: 2.5.7
  manager: conda
  platform: osx-64
  dependencies:
    cachecontrol-with-filecache: '>=0.12.9'
    cachy: '>=0.3.0'
    click: '>=8.0'
    click-default-group: ''
    clikit: '>=0.6.2'
    crashtest: '>=0.3.0'
    ensureconda: '>=1.3'
    gitpython: '>=3.1.30'
    html5lib: '>=1.0'
    jinja2: ''
    keyring: '>=21.2.0'
    packaging: '>=20.4'
    pkginfo: '>=1.4'
    pydantic: '>=1.10'
    python: '>=3.9'
    pyyaml: '>=5.1'
    requests: '>=2.18'
    ruamel.yaml: ''
    setuptools: ''
    tomli: ''
    tomlkit: '>=0.7.0'
    toolz: '>=0.12.0,<1.0.0'
    typing_extensions: ''
    urllib3: '>=1.26.5,<2.0'
    virtualenv: '>=20.0.26'
  url: https://conda.anaconda.org/conda-forge/noarch/conda-lock-2.5.7-pyhd8ed1ab_1.conda
  hash:
    md5: 518d59879a7ba4f3972109e8666860b2
    sha256: 905618b595d7a067fe37a282e3b84a4ed46542c1b497c76cef7b0f33f9335cb7
  category: main
  optional: false
- name: coreutils
  version: '9.5'
  manager: conda
  platform: osx-64
  dependencies: {}
  url: https://conda.anaconda.org/conda-forge/osx-64/coreutils-9.5-h10d778d_0.conda
  hash:
    md5: 8332c7ae324c9fc4b22cc3d84a0582e8
    sha256: 7a29ae82cf1c455b4956c8311ae97832460c3585f0d8789fd82161dd2a20d1fd
  category: main
  optional: false
- name: crashtest
  version: 0.4.1
  manager: conda
  platform: osx-64
  dependencies:
    python: '>=3.9,<4.0'
  url: https://conda.anaconda.org/conda-forge/noarch/crashtest-0.4.1-pyhd8ed1ab_1.conda
  hash:
    md5: e036e2f76d9c9aebc12510ed23352b6c
    sha256: af1622b15f8c7411d9c14b8adf970cec16fec8a28b98069fdf42b1cd2259ccc9
  category: main
  optional: false
- name: distlib
  version: 0.3.9
  manager: conda
  platform: osx-64
  dependencies:
    python: '>=3.9'
  url: https://conda.anaconda.org/conda-forge/noarch/distlib-0.3.9-pyhd8ed1ab_1.conda
  hash:
    md5: 8d88f4a2242e6b96f9ecff9a6a05b2f1
    sha256: 0e160c21776bd881b79ce70053e59736f51036784fa43a50da10a04f0c1b9c45
  category: main
  optional: false
- name: dtc
  version: 1.7.2
  manager: conda
  platform: osx-64
  dependencies:
    __osx: '>=10.13'
    libfdt: '>=1.7.2,<1.8.0a0'
    yaml: '>=0.2.5,<0.3.0a0'
  url: https://conda.anaconda.org/conda-forge/osx-64/dtc-1.7.2-h6e16a3a_4.conda
  hash:
    md5: 946a4be0aabaf417e26fa08a6c7771fa
    sha256: 376e74fdde476823e68c9657700eff3f535a8ae83ed5578d0e8ead430c7b0451
  category: main
  optional: false
- name: ensureconda
  version: 1.4.7
  manager: conda
  platform: osx-64
  dependencies:
    appdirs: ''
    click: '>=5.1'
    filelock: ''
    packaging: ''
    python: ''
    requests: '>=2'
  url: https://conda.anaconda.org/conda-forge/noarch/ensureconda-1.4.7-pyh29332c3_0.conda
  hash:
    md5: 349b1d4311d7344bff92ad890fdbe6aa
    sha256: a54317217ac986038b01c254a9f06b59f4401587f936ba2089e5fc025c7fc698
  category: main
  optional: false
- name: filelock
  version: 3.18.0
  manager: conda
  platform: osx-64
  dependencies:
    python: '>=3.9'
  url: https://conda.anaconda.org/conda-forge/noarch/filelock-3.18.0-pyhd8ed1ab_0.conda
  hash:
    md5: 4547b39256e296bb758166893e909a7c
    sha256: de7b6d4c4f865609ae88db6fa03c8b7544c2452a1aa5451eb7700aad16824570
  category: main
  optional: false
- name: flex
  version: 2.6.4
  manager: conda
  platform: osx-64
  dependencies:
    libcxx: '>=10.0.1'
    libiconv: ''
    m4: ''
  url: https://conda.anaconda.org/conda-forge/osx-64/flex-2.6.4-hcc69e7b_1004.tar.bz2
  hash:
    md5: 57d3a21a874c333402903782fda51dfa
    sha256: 2031ebeee8b01bae0f0275ff08b4e4c0df155b2be0b7c8c30d785cef6b3f8be7
  category: main
  optional: false
- name: git
  version: 2.49.0
  manager: conda
  platform: osx-64
  dependencies:
    __osx: '>=10.10'
    libcurl: '>=8.13.0,<9.0a0'
    libexpat: '>=2.7.0,<3.0a0'
    libiconv: '>=1.18,<2.0a0'
    libintl: '>=0.24.1,<1.0a0'
    libzlib: '>=1.3.1,<2.0a0'
    openssl: '>=3.5.0,<4.0a0'
    pcre2: '>=10.45,<10.46.0a0'
    perl: 5.*
  url: https://conda.anaconda.org/conda-forge/osx-64/git-2.49.0-pl5321h3bb66fe_1.conda
  hash:
    md5: f868766975818340f5eaff1e6ef697b7
    sha256: 2763ed05b9426e873a0027d5851fee53dca02f05f0f36317913d75e6d7b094ce
  category: main
  optional: false
- name: gitdb
  version: 4.0.12
  manager: conda
  platform: osx-64
  dependencies:
    python: '>=3.9'
    smmap: '>=3.0.1,<6'
  url: https://conda.anaconda.org/conda-forge/noarch/gitdb-4.0.12-pyhd8ed1ab_0.conda
  hash:
    md5: 7c14f3706e099f8fcd47af2d494616cc
    sha256: dbbec21a369872c8ebe23cb9a3b9d63638479ee30face165aa0fccc96e93eec3
  category: main
  optional: false
- name: gitpython
  version: 3.1.44
  manager: conda
  platform: osx-64
  dependencies:
    gitdb: '>=4.0.1,<5'
    python: '>=3.9'
    typing_extensions: '>=3.7.4.3'
  url: https://conda.anaconda.org/conda-forge/noarch/gitpython-3.1.44-pyhff2d567_0.conda
  hash:
    md5: 140a4e944f7488467872e562a2a52789
    sha256: b996e717ca693e4e831d3d3143aca3abb47536561306195002b226fe4dde53c3
  category: main
  optional: false
- name: html5lib
  version: '1.1'
  manager: conda
  platform: osx-64
  dependencies:
    python: '>=3.9'
    six: '>=1.9'
    webencodings: ''
  url: https://conda.anaconda.org/conda-forge/noarch/html5lib-1.1-pyhd8ed1ab_2.conda
  hash:
    md5: cf25bfddbd3bc275f3d3f9936cee1dd3
    sha256: 8027e436ad59e2a7392f6036392ef9d6c223798d8a1f4f12d5926362def02367
  category: main
  optional: false
- name: icu
  version: '75.1'
  manager: conda
  platform: osx-64
  dependencies:
    __osx: '>=10.13'
  url: https://conda.anaconda.org/conda-forge/osx-64/icu-75.1-h120a0e1_0.conda
  hash:
    md5: d68d48a3060eb5abdc1cdc8e2a3a5966
    sha256: 2e64307532f482a0929412976c8450c719d558ba20c0962832132fd0d07ba7a7
  category: main
  optional: false
- name: idna
  version: '3.10'
  manager: conda
  platform: osx-64
  dependencies:
    python: '>=3.9'
  url: https://conda.anaconda.org/conda-forge/noarch/idna-3.10-pyhd8ed1ab_1.conda
  hash:
    md5: 39a4f67be3286c86d696df570b1201b7
    sha256: d7a472c9fd479e2e8dcb83fb8d433fce971ea369d704ece380e876f9c3494e87
  category: main
  optional: false
- name: importlib-metadata
  version: 8.7.0
  manager: conda
  platform: osx-64
  dependencies:
    python: ''
    zipp: '>=3.20'
  url: https://conda.anaconda.org/conda-forge/noarch/importlib-metadata-8.7.0-pyhe01879c_1.conda
  hash:
    md5: 63ccfdc3a3ce25b027b8767eb722fca8
    sha256: c18ab120a0613ada4391b15981d86ff777b5690ca461ea7e9e49531e8f374745
  category: main
  optional: false
- name: importlib_resources
  version: 6.5.2
  manager: conda
  platform: osx-64
  dependencies:
    python: '>=3.9'
    zipp: '>=3.1.0'
  url: https://conda.anaconda.org/conda-forge/noarch/importlib_resources-6.5.2-pyhd8ed1ab_0.conda
  hash:
    md5: c85c76dc67d75619a92f51dfbce06992
    sha256: acc1d991837c0afb67c75b77fdc72b4bf022aac71fedd8b9ea45918ac9b08a80
  category: main
  optional: false
- name: jaraco.classes
  version: 3.4.0
  manager: conda
  platform: osx-64
  dependencies:
    more-itertools: ''
    python: '>=3.9'
  url: https://conda.anaconda.org/conda-forge/noarch/jaraco.classes-3.4.0-pyhd8ed1ab_2.conda
  hash:
    md5: ade6b25a6136661dadd1a43e4350b10b
    sha256: 3d16a0fa55a29fe723c918a979b2ee927eb0bf9616381cdfd26fa9ea2b649546
  category: main
  optional: false
- name: jaraco.context
  version: 6.0.1
  manager: conda
  platform: osx-64
  dependencies:
    backports.tarfile: ''
    python: '>=3.9'
  url: https://conda.anaconda.org/conda-forge/noarch/jaraco.context-6.0.1-pyhd8ed1ab_0.conda
  hash:
    md5: bcc023a32ea1c44a790bbf1eae473486
    sha256: bfaba92cd33a0ae2488ab64a1d4e062bcf52b26a71f88292c62386ccac4789d7
  category: main
  optional: false
- name: jaraco.functools
  version: 4.1.0
  manager: conda
  platform: osx-64
  dependencies:
    more-itertools: ''
    python: '>=3.9'
  url: https://conda.anaconda.org/conda-forge/noarch/jaraco.functools-4.1.0-pyhd8ed1ab_0.conda
  hash:
    md5: eb257d223050a5a27f5fdf5c9debc8ec
    sha256: 61da3e37149da5c8479c21571eaec61cc4a41678ee872dcb2ff399c30878dddb
  category: main
  optional: false
- name: jinja2
  version: 3.1.6
  manager: conda
  platform: osx-64
  dependencies:
    markupsafe: '>=2.0'
    python: '>=3.9'
  url: https://conda.anaconda.org/conda-forge/noarch/jinja2-3.1.6-pyhd8ed1ab_0.conda
  hash:
    md5: 446bd6c8cb26050d528881df495ce646
    sha256: f1ac18b11637ddadc05642e8185a851c7fab5998c6f5470d716812fae943b2af
  category: main
  optional: false
- name: jq
  version: 1.7.1
  manager: conda
  platform: osx-64
  dependencies:
    oniguruma: '>=6.9.9,<6.10.0a0'
  url: https://conda.anaconda.org/conda-forge/osx-64/jq-1.7.1-h10d778d_0.conda
  hash:
    md5: da3b979d16bbb4b97cb565733ae84ba2
    sha256: 077ed4a3de447b1f297813a06f0c0c9cc67d50d5a5e52e7ea888a5812b5c3712
  category: main
  optional: false
- name: keyring
  version: 25.6.0
  manager: conda
  platform: osx-64
  dependencies:
    __osx: ''
    importlib-metadata: '>=4.11.4'
    importlib_resources: ''
    jaraco.classes: ''
    jaraco.context: ''
    jaraco.functools: ''
    python: '>=3.9'
  url: https://conda.anaconda.org/conda-forge/noarch/keyring-25.6.0-pyh534df25_0.conda
  hash:
    md5: d2c0c5bda93c249f877c7fceea9e63af
    sha256: c8b436fa9853bf8b836c96afbb7684a04955b80b37f5d5285fd836b6a8566cc5
  category: main
  optional: false
- name: krb5
  version: 1.21.3
  manager: conda
  platform: osx-64
  dependencies:
    __osx: '>=10.13'
    libcxx: '>=16'
    libedit: '>=3.1.20191231,<4.0a0'
    openssl: '>=3.3.1,<4.0a0'
  url: https://conda.anaconda.org/conda-forge/osx-64/krb5-1.21.3-h37d8d59_0.conda
  hash:
    md5: d4765c524b1d91567886bde656fb514b
    sha256: 83b52685a4ce542772f0892a0f05764ac69d57187975579a0835ff255ae3ef9c
  category: main
  optional: false
- name: ld64_osx-64
  version: '951.9'
  manager: conda
  platform: osx-64
  dependencies:
    __osx: '>=10.13'
    libcxx: ''
    libllvm20: '>=20.1.2,<20.2.0a0'
    sigtool: ''
    tapi: '>=1300.6.5,<1301.0a0'
  url: https://conda.anaconda.org/conda-forge/osx-64/ld64_osx-64-951.9-hc68d7ca_6.conda
  hash:
    md5: dc020c6d538c41f03ebb849c46749d09
    sha256: 4398ca61ad589d7f233195bb8b98629fc066e5daf08e68ff70cd2ee80f35e28c
  category: main
  optional: false
- name: libclang-cpp20.1
  version: 20.1.5
  manager: conda
  platform: osx-64
  dependencies:
    __osx: '>=10.13'
    libcxx: '>=20.1.5'
    libllvm20: '>=20.1.5,<20.2.0a0'
  url: https://conda.anaconda.org/conda-forge/osx-64/libclang-cpp20.1-20.1.5-default_hf9570e0_1.conda
  hash:
    md5: a5486c8aa2fcbb62f7ca20b1e98095c7
    sha256: 777063d98f0d554b35c282c0a219a7133d407bc1e9b35b5b1e558a1c7e99dd1f
  category: main
  optional: false
- name: libcurl
  version: 8.13.0
  manager: conda
  platform: osx-64
  dependencies:
    __osx: '>=10.13'
    krb5: '>=1.21.3,<1.22.0a0'
    libnghttp2: '>=1.64.0,<2.0a0'
    libssh2: '>=1.11.1,<2.0a0'
    libzlib: '>=1.3.1,<2.0a0'
    openssl: '>=3.4.1,<4.0a0'
    zstd: '>=1.5.7,<1.6.0a0'
  url: https://conda.anaconda.org/conda-forge/osx-64/libcurl-8.13.0-h5dec5d8_0.conda
  hash:
    md5: a35b1976d746d55cd7380c8842d9a1b5
    sha256: 137d92f1107141d9eb39598fb05837be4f9aad4ead957194d94364834f3cc590
  category: main
  optional: false
- name: libcxx
  version: 20.1.5
  manager: conda
  platform: osx-64
  dependencies:
    __osx: '>=10.13'
  url: https://conda.anaconda.org/conda-forge/osx-64/libcxx-20.1.5-hf95d169_0.conda
  hash:
    md5: 9dde68cee0a231b19e189954ac29027b
    sha256: 9003bd12988a54713602999999737590f3b023b0cadb2b316cd3ac256d6740d6
  category: main
  optional: false
- name: libcxx-devel
  version: 20.1.5
  manager: conda
  platform: osx-64
  dependencies:
    libcxx: '>=20.1.5'
  url: https://conda.anaconda.org/conda-forge/osx-64/libcxx-devel-20.1.5-h7c275be_0.conda
  hash:
    md5: d27629887e45c3ff0531440570cf8596
    sha256: bc4605b8678606ba038668332d61d58bff9764d7034c3b5652fb714d7a6edc09
  category: main
  optional: false
- name: libedit
  version: 3.1.20250104
  manager: conda
  platform: osx-64
  dependencies:
    __osx: '>=10.13'
    ncurses: '>=6.5,<7.0a0'
  url: https://conda.anaconda.org/conda-forge/osx-64/libedit-3.1.20250104-pl5321ha958ccf_0.conda
  hash:
    md5: 1f4ed31220402fcddc083b4bff406868
    sha256: 6cc49785940a99e6a6b8c6edbb15f44c2dd6c789d9c283e5ee7bdfedd50b4cd6
  category: main
  optional: false
- name: libev
  version: '4.33'
  manager: conda
  platform: osx-64
  dependencies: {}
  url: https://conda.anaconda.org/conda-forge/osx-64/libev-4.33-h10d778d_2.conda
  hash:
    md5: 899db79329439820b7e8f8de41bca902
    sha256: 0d238488564a7992942aa165ff994eca540f687753b4f0998b29b4e4d030ff43
  category: main
  optional: false
- name: libexpat
  version: 2.7.0
  manager: conda
  platform: osx-64
  dependencies:
    __osx: '>=10.13'
  url: https://conda.anaconda.org/conda-forge/osx-64/libexpat-2.7.0-h240833e_0.conda
  hash:
    md5: 026d0a1056ba2a3dbbea6d4b08188676
    sha256: 976f2e23ad2bb2b8e92c99bfa2ead3ad557b17a129b170f7e2dfcf233193dd7e
  category: main
  optional: false
- name: libfdt
  version: 1.7.2
  manager: conda
  platform: osx-64
  dependencies:
    __osx: '>=10.13'
    yaml: '>=0.2.5,<0.3.0a0'
  url: https://conda.anaconda.org/conda-forge/osx-64/libfdt-1.7.2-h6e16a3a_4.conda
  hash:
    md5: e40044ab38c026c2193c7993c2b8a698
    sha256: 0a872261f8dbf63ec2d47f2d94b7fcd7b141419ebba59ecdea0fc62a99e96914
  category: main
  optional: false
- name: libffi
  version: 3.4.6
  manager: conda
  platform: osx-64
  dependencies:
    __osx: '>=10.13'
  url: https://conda.anaconda.org/conda-forge/osx-64/libffi-3.4.6-h281671d_1.conda
  hash:
    md5: 4ca9ea59839a9ca8df84170fab4ceb41
    sha256: 6394b1bc67c64a21a5cc73d1736d1d4193a64515152e861785c44d2cfc49edf3
  category: main
  optional: false
- name: libiconv
  version: '1.18'
  manager: conda
  platform: osx-64
  dependencies:
    __osx: '>=10.13'
  url: https://conda.anaconda.org/conda-forge/osx-64/libiconv-1.18-h4b5e92a_1.conda
  hash:
    md5: 6283140d7b2b55b6b095af939b71b13f
    sha256: c2a9c65a245c7bcb8c17c94dd716dad2d42b7c98e0c17cc5553a5c60242c4dda
  category: main
  optional: false
- name: libintl
  version: 0.24.1
  manager: conda
  platform: osx-64
  dependencies:
    __osx: '>=10.13'
    libiconv: '>=1.18,<2.0a0'
  url: https://conda.anaconda.org/conda-forge/osx-64/libintl-0.24.1-h27064b9_0.conda
  hash:
    md5: b3f498d87404090f731cb6a474045150
    sha256: f0a759b35784d5a31aeaf519f8f24019415321e62e52579a3ec854a413a1509d
  category: main
  optional: false
- name: libllvm20
  version: 20.1.5
  manager: conda
  platform: osx-64
  dependencies:
    __osx: '>=10.13'
    libcxx: '>=18'
    libxml2: '>=2.13.8,<2.14.0a0'
    libzlib: '>=1.3.1,<2.0a0'
    zstd: '>=1.5.7,<1.6.0a0'
  url: https://conda.anaconda.org/conda-forge/osx-64/libllvm20-20.1.5-h29c3a6c_0.conda
  hash:
    md5: 0719752afded8768ac26d6ff307e34ca
    sha256: 514e2046c86f39eacf82cbd802c17372588d5ddcacc410ebfd589f467df784a9
  category: main
  optional: false
- name: liblzma
  version: 5.8.1
  manager: conda
  platform: osx-64
  dependencies:
    __osx: '>=10.13'
  url: https://conda.anaconda.org/conda-forge/osx-64/liblzma-5.8.1-hd471939_1.conda
  hash:
    md5: f87e8821e0e38a4140a7ed4f52530053
    sha256: 20a4c5291f3e338548013623bb1dc8ee2fba5dbac8f77acaddd730ed2a7d29b6
  category: main
  optional: false
- name: libmpdec
  version: 4.0.0
  manager: conda
  platform: osx-64
  dependencies:
    __osx: '>=10.13'
  url: https://conda.anaconda.org/conda-forge/osx-64/libmpdec-4.0.0-hfdf4475_0.conda
  hash:
    md5: ed625b2e59dff82859c23dd24774156b
    sha256: 791be3d30d8e37ec49bcc23eb8f1e1415d911a7c023fa93685f2ea485179e258
  category: main
  optional: false
- name: libnghttp2
  version: 1.64.0
  manager: conda
  platform: osx-64
  dependencies:
    __osx: '>=10.13'
    c-ares: '>=1.34.2,<2.0a0'
    libcxx: '>=17'
    libev: '>=4.33,<5.0a0'
    libzlib: '>=1.3.1,<2.0a0'
    openssl: '>=3.3.2,<4.0a0'
  url: https://conda.anaconda.org/conda-forge/osx-64/libnghttp2-1.64.0-hc7306c3_0.conda
  hash:
    md5: ab21007194b97beade22ceb7a3f6fee5
    sha256: 0dcfdcf3a445d2d7de4f3b186ab0a794dc872f4ea21622f9b997be72712c027f
  category: main
  optional: false
- name: libsqlite
  version: 3.49.2
  manager: conda
  platform: osx-64
  dependencies:
    __osx: '>=10.13'
    libzlib: '>=1.3.1,<2.0a0'
  url: https://conda.anaconda.org/conda-forge/osx-64/libsqlite-3.49.2-hdb6dae5_0.conda
  hash:
    md5: 9377ba1ade655ea3fc831b456f4a2351
    sha256: 8fd9562478b4d1dc90ab2bcad5289ee2b5a971ca8ad87e6b137ce0ca53bf801d
  category: main
  optional: false
- name: libssh2
  version: 1.11.1
  manager: conda
  platform: osx-64
  dependencies:
    __osx: '>=10.13'
    libzlib: '>=1.3.1,<2.0a0'
    openssl: '>=3.5.0,<4.0a0'
  url: https://conda.anaconda.org/conda-forge/osx-64/libssh2-1.11.1-hed3591d_0.conda
  hash:
    md5: a6cb15db1c2dc4d3a5f6cf3772e09e81
    sha256: 00654ba9e5f73aa1f75c1f69db34a19029e970a4aeb0fa8615934d8e9c369c3c
  category: main
  optional: false
- name: libxml2
  version: 2.13.8
  manager: conda
  platform: osx-64
  dependencies:
    __osx: '>=10.13'
    icu: '>=75.1,<76.0a0'
    libiconv: '>=1.18,<2.0a0'
    liblzma: '>=5.8.1,<6.0a0'
    libzlib: '>=1.3.1,<2.0a0'
  url: https://conda.anaconda.org/conda-forge/osx-64/libxml2-2.13.8-h93c44a6_0.conda
  hash:
    md5: e42a93a31cbc6826620144343d42f472
    sha256: 4b29663164d7beb9a9066ddcb8578fc67fe0e9b40f7553ea6255cd6619d24205
  category: main
  optional: false
- name: libzlib
  version: 1.3.1
  manager: conda
  platform: osx-64
  dependencies:
    __osx: '>=10.13'
  url: https://conda.anaconda.org/conda-forge/osx-64/libzlib-1.3.1-hd23fc13_2.conda
  hash:
    md5: 003a54a4e32b02f7355b50a837e699da
    sha256: 8412f96504fc5993a63edf1e211d042a1fd5b1d51dedec755d2058948fcced09
  category: main
  optional: false
- name: llvm-tools
  version: 20.1.5
  manager: conda
  platform: osx-64
  dependencies:
    __osx: '>=10.13'
    libllvm20: 20.1.5
    llvm-tools-20: 20.1.5
  url: https://conda.anaconda.org/conda-forge/osx-64/llvm-tools-20.1.5-h3fe3016_0.conda
  hash:
    md5: 6f15676844a983f5a6f677c3d93aadb1
    sha256: ef91dc5787771eaf5a5dfd9b535f796ba1263e277ce48337fce648b32e7f2ccd
  category: main
  optional: false
- name: llvm-tools-20
  version: 20.1.5
  manager: conda
  platform: osx-64
  dependencies:
    __osx: '>=10.13'
    libcxx: '>=18'
    libllvm20: 20.1.5
    libzlib: '>=1.3.1,<2.0a0'
    zstd: '>=1.5.7,<1.6.0a0'
  url: https://conda.anaconda.org/conda-forge/osx-64/llvm-tools-20-20.1.5-he90a8e3_0.conda
  hash:
    md5: b89d79094387e9bfabfd86014236762a
    sha256: 9913de3c5356a71e68a5e82a72874ab523691344f51b967d0c2d012621d7cb09
  category: main
  optional: false
- name: m4
  version: 1.4.20
  manager: conda
  platform: osx-64
  dependencies:
    __osx: '>=10.13'
  url: https://conda.anaconda.org/conda-forge/osx-64/m4-1.4.20-h6e16a3a_0.conda
  hash:
    md5: 5b5e2277a0d4bb0bb4560ccbc8d4ee56
    sha256: 36507c1f183c535ae898fc7f6d3b7d159f25cb2cdf511bfc227f70b662c86e64
  category: main
  optional: false
- name: make
  version: 4.4.1
  manager: conda
  platform: osx-64
  dependencies:
    __osx: '>=10.13'
  url: https://conda.anaconda.org/conda-forge/osx-64/make-4.4.1-h00291cd_2.conda
  hash:
    md5: 59b4ad97bbb36ef5315500d5bde4bcfc
    sha256: 5a5ab3ee828309185e0a76ca80f5da85f31d8480d923abb508ca00fe194d1b5a
  category: main
  optional: false
- name: markupsafe
  version: 3.0.2
  manager: conda
  platform: osx-64
  dependencies:
    __osx: '>=10.13'
    python: '>=3.13,<3.14.0a0'
    python_abi: 3.13.*
  url: https://conda.anaconda.org/conda-forge/osx-64/markupsafe-3.0.2-py313h717bdf5_1.conda
  hash:
    md5: a6fbde71416d6eb9898fcabf505a85c5
    sha256: 297242943522a907c270bc2f191d16142707d970541b9a093640801b767d7aa7
  category: main
  optional: false
- name: more-itertools
  version: 10.7.0
  manager: conda
  platform: osx-64
  dependencies:
    python: '>=3.9'
  url: https://conda.anaconda.org/conda-forge/noarch/more-itertools-10.7.0-pyhd8ed1ab_0.conda
  hash:
    md5: 7c65a443d58beb0518c35b26c70e201d
    sha256: d0c2253dcb1da6c235797b57d29de688dabc2e48cc49645b1cff2b52b7907428
  category: main
  optional: false
- name: msgpack-python
  version: 1.1.0
  manager: conda
  platform: osx-64
  dependencies:
    __osx: '>=10.13'
    libcxx: '>=17'
    python: '>=3.13.0rc2,<3.14.0a0'
    python_abi: 3.13.*
  url: https://conda.anaconda.org/conda-forge/osx-64/msgpack-python-1.1.0-py313h0c4e38b_0.conda
  hash:
    md5: 74f9203e717afb9753b5c3604b4c6bd0
    sha256: 0c6b789b16f43dbee013ea4f338aa0754bc7afd2b298eabab0f552d13158d8b0
  category: main
  optional: false
- name: ncurses
  version: '6.5'
  manager: conda
  platform: osx-64
  dependencies:
    __osx: '>=10.13'
  url: https://conda.anaconda.org/conda-forge/osx-64/ncurses-6.5-h0622a9a_3.conda
  hash:
    md5: ced34dd9929f491ca6dab6a2927aff25
    sha256: ea4a5d27ded18443749aefa49dc79f6356da8506d508b5296f60b8d51e0c4bd9
  category: main
  optional: false
- name: ninja
  version: 1.12.1
  manager: conda
  platform: osx-64
  dependencies:
    __osx: '>=10.13'
    libcxx: '>=18'
  url: https://conda.anaconda.org/conda-forge/osx-64/ninja-1.12.1-hd6aca1a_1.conda
  hash:
    md5: 1cf196736676270fa876001901e4e1db
    sha256: 183bce1186a441b0e6aec8f5f7b85771fa6d36212422a0aaf7a15c0ef5e68cd3
  category: main
  optional: false
- name: oniguruma
  version: 6.9.10
  manager: conda
  platform: osx-64
  dependencies:
    __osx: '>=10.13'
  url: https://conda.anaconda.org/conda-forge/osx-64/oniguruma-6.9.10-h6e16a3a_0.conda
  hash:
    md5: 1de37bb098b5b39ad79027d1767b02dd
    sha256: c8ecd1cb39e75677235daddc6ead10055a0ef66b2293118ed77adc621b2ffbcc
  category: main
  optional: false
- name: openjdk
  version: 20.0.2
  manager: conda
  platform: osx-64
  dependencies:
    libcxx: '>=15.0.7'
    libzlib: '>=1.2.13,<2.0.0a0'
  url: https://conda.anaconda.org/conda-forge/osx-64/openjdk-20.0.2-h7d26f99_2.conda
  hash:
    md5: 4fb9a53132ff927cb1def6371c7e9aeb
    sha256: 03a423409eb009104d3d0ec197d52b841e714ae0d3ff29652c8ec91e8464629e
  category: main
  optional: false
- name: openssl
  version: 3.5.0
  manager: conda
  platform: osx-64
  dependencies:
    __osx: '>=10.13'
    ca-certificates: ''
  url: https://conda.anaconda.org/conda-forge/osx-64/openssl-3.5.0-hc426f3f_1.conda
  hash:
    md5: 919faa07b9647beb99a0e7404596a465
    sha256: bcac94cb82a458b4e3164da8d9bced08cc8c3da2bc3bd7330711a3689c1464a5
  category: main
  optional: false
- name: packaging
  version: '25.0'
  manager: conda
  platform: osx-64
  dependencies:
    python: ''
  url: https://conda.anaconda.org/conda-forge/noarch/packaging-25.0-pyh29332c3_1.conda
  hash:
    md5: 58335b26c38bf4a20f399384c33cbcf9
    sha256: 289861ed0c13a15d7bbb408796af4de72c2fe67e2bcb0de98f4c3fce259d7991
  category: main
  optional: false
- name: pastel
  version: 0.2.1
  manager: conda
  platform: osx-64
  dependencies:
    python: '>=2.7'
  url: https://conda.anaconda.org/conda-forge/noarch/pastel-0.2.1-pyhd8ed1ab_0.tar.bz2
  hash:
    md5: a4eea5bff523f26442405bc5d1f52adb
    sha256: 9153f0f38c76a09da7688a61fdbf8f3d7504e2326bef53e4ec20d994311b15bd
  category: main
  optional: false
- name: pcre2
  version: '10.45'
  manager: conda
  platform: osx-64
  dependencies:
    __osx: '>=10.13'
    bzip2: '>=1.0.8,<2.0a0'
    libzlib: '>=1.3.1,<2.0a0'
  url: https://conda.anaconda.org/conda-forge/osx-64/pcre2-10.45-hf733adb_0.conda
  hash:
    md5: d9f1976154f2f45588251dcfc48bcdda
    sha256: 5b2c93ee8714c17682cd926127f1e712efef00441a79732635a80b24f5adc212
  category: main
  optional: false
- name: perl
  version: 5.32.1
  manager: conda
  platform: osx-64
  dependencies: {}
  url: https://conda.anaconda.org/conda-forge/osx-64/perl-5.32.1-7_h10d778d_perl5.conda
  hash:
    md5: dc442e0885c3a6b65e61c61558161a9e
    sha256: 8ebd35e2940055a93135b9fd11bef3662cecef72d6ee651f68d64a2f349863c7
  category: main
  optional: false
- name: pip
  version: 25.1.1
  manager: conda
  platform: osx-64
  dependencies:
    python: '>=3.13.0a0'
  url: https://conda.anaconda.org/conda-forge/noarch/pip-25.1.1-pyh145f28c_0.conda
  hash:
    md5: 01384ff1639c6330a0924791413b8714
    sha256: e18efebe17b1cdef5bed19786c312c2f563981bbf8843490d5007311e448ff48
  category: main
  optional: false
- name: pkginfo
  version: 1.12.1.2
  manager: conda
  platform: osx-64
  dependencies:
    python: '>=3.9'
  url: https://conda.anaconda.org/conda-forge/noarch/pkginfo-1.12.1.2-pyhd8ed1ab_0.conda
  hash:
    md5: dc702b2fae7ebe770aff3c83adb16b63
    sha256: 353fd5a2c3ce31811a6272cd328874eb0d327b1eafd32a1e19001c4ad137ad3a
  category: main
  optional: false
- name: platformdirs
  version: 4.3.8
  manager: conda
  platform: osx-64
  dependencies:
    python: ''
  url: https://conda.anaconda.org/conda-forge/noarch/platformdirs-4.3.8-pyhe01879c_0.conda
  hash:
    md5: 424844562f5d337077b445ec6b1398a7
    sha256: 0f48999a28019c329cd3f6fd2f01f09fc32cc832f7d6bbe38087ddac858feaa3
  category: main
  optional: false
- name: pydantic
  version: 2.11.4
  manager: conda
  platform: osx-64
  dependencies:
    annotated-types: '>=0.6.0'
    pydantic-core: 2.33.2
    python: '>=3.9'
    typing-extensions: '>=4.6.1'
    typing-inspection: '>=0.4.0'
    typing_extensions: '>=4.12.2'
  url: https://conda.anaconda.org/conda-forge/noarch/pydantic-2.11.4-pyh3cfb1c2_0.conda
  hash:
    md5: 8ad3ad8db5ce2ba470c9facc37af00a9
    sha256: a522473505ac6a9c10bb304d7338459a406ba22a6d3bb1a355c1b5283553a372
  category: main
  optional: false
- name: pydantic-core
  version: 2.33.2
  manager: conda
  platform: osx-64
  dependencies:
    __osx: '>=10.13'
    python: ''
    python_abi: 3.13.*
    typing-extensions: '>=4.6.0,!=4.7.0'
  url: https://conda.anaconda.org/conda-forge/osx-64/pydantic-core-2.33.2-py313hb35714d_0.conda
  hash:
    md5: d005389707c7f9ccc4f86933b4649708
    sha256: 84b5d39c74f8578722b0fc40b6c0a862cff590549ff74abfe88210f98526fa62
  category: main
  optional: false
- name: pylev
  version: 1.4.0
  manager: conda
  platform: osx-64
  dependencies:
    python: '>=3.3'
  url: https://conda.anaconda.org/conda-forge/noarch/pylev-1.4.0-pyhd8ed1ab_0.tar.bz2
  hash:
    md5: edf8651c4379d9d1495ad6229622d150
    sha256: 50bd91767686bfe769e50a5a1b883e238d944a6163fea43e7c0beaac54ca674f
  category: main
  optional: false
- name: pysocks
  version: 1.7.1
  manager: conda
  platform: osx-64
  dependencies:
    __unix: ''
    python: '>=3.9'
  url: https://conda.anaconda.org/conda-forge/noarch/pysocks-1.7.1-pyha55dd90_7.conda
  hash:
    md5: 461219d1a5bd61342293efa2c0c90eac
    sha256: ba3b032fa52709ce0d9fd388f63d330a026754587a2f461117cac9ab73d8d0d8
  category: main
  optional: false
- name: python
  version: 3.13.3
  manager: conda
  platform: osx-64
  dependencies:
    __osx: '>=10.13'
    bzip2: '>=1.0.8,<2.0a0'
    libexpat: '>=2.7.0,<3.0a0'
    libffi: '>=3.4.6,<3.5.0a0'
    liblzma: '>=5.8.1,<6.0a0'
    libmpdec: '>=4.0.0,<5.0a0'
    libsqlite: '>=3.49.1,<4.0a0'
    libzlib: '>=1.3.1,<2.0a0'
    ncurses: '>=6.5,<7.0a0'
    openssl: '>=3.5.0,<4.0a0'
    pip: ''
    python_abi: 3.13.*
    readline: '>=8.2,<9.0a0'
    tk: '>=8.6.13,<8.7.0a0'
    tzdata: ''
  url: https://conda.anaconda.org/conda-forge/osx-64/python-3.13.3-h534c281_101_cp313.conda
  hash:
    md5: ebcc7c42561d8d8b01477020b63218c0
    sha256: fe70f145472820922a01279165b96717815dcd4f346ad9a2f2338045d8818930
  category: main
  optional: false
- name: python_abi
  version: '3.13'
  manager: conda
  platform: osx-64
  dependencies: {}
  url: https://conda.anaconda.org/conda-forge/noarch/python_abi-3.13-7_cp313.conda
  hash:
    md5: e84b44e6300f1703cb25d29120c5b1d8
    sha256: 0595134584589064f56e67d3de1d8fcbb673a972946bce25fb593fb092fdcd97
  category: main
  optional: false
- name: pyyaml
  version: 6.0.2
  manager: conda
  platform: osx-64
  dependencies:
    __osx: '>=10.13'
    python: '>=3.13,<3.14.0a0'
    python_abi: 3.13.*
    yaml: '>=0.2.5,<0.3.0a0'
  url: https://conda.anaconda.org/conda-forge/osx-64/pyyaml-6.0.2-py313h717bdf5_2.conda
  hash:
    md5: b7f2984724531d2233b77c89c54be594
    sha256: 27501e9b3b5c6bfabb3068189fd40c650356a258e4a82b0cfe31c60f568dcb85
  category: main
  optional: false
- name: readline
  version: '8.2'
  manager: conda
  platform: osx-64
  dependencies:
    ncurses: '>=6.5,<7.0a0'
  url: https://conda.anaconda.org/conda-forge/osx-64/readline-8.2-h7cca4af_2.conda
  hash:
    md5: 342570f8e02f2f022147a7f841475784
    sha256: 53017e80453c4c1d97aaf78369040418dea14cf8f46a2fa999f31bd70b36c877
  category: main
  optional: false
- name: requests
  version: 2.32.3
  manager: conda
  platform: osx-64
  dependencies:
    certifi: '>=2017.4.17'
    charset-normalizer: '>=2,<4'
    idna: '>=2.5,<4'
    python: '>=3.9'
    urllib3: '>=1.21.1,<3'
  url: https://conda.anaconda.org/conda-forge/noarch/requests-2.32.3-pyhd8ed1ab_1.conda
  hash:
    md5: a9b9368f3701a417eac9edbcae7cb737
    sha256: d701ca1136197aa121bbbe0e8c18db6b5c94acbd041c2b43c70e5ae104e1d8ad
  category: main
  optional: false
- name: ruamel.yaml
  version: 0.18.10
  manager: conda
  platform: osx-64
  dependencies:
    __osx: '>=10.13'
    python: '>=3.13,<3.14.0a0'
    python_abi: 3.13.*
    ruamel.yaml.clib: '>=0.1.2'
  url: https://conda.anaconda.org/conda-forge/osx-64/ruamel.yaml-0.18.10-py313h63b0ddb_0.conda
  hash:
    md5: 860e521d9f7c77b0578061a48bc49b7d
    sha256: 3a528c4dff07bb475fd021289cd6892d62fd62720b2a02c70751ff2027c1e678
  category: main
  optional: false
- name: ruamel.yaml.clib
  version: 0.2.8
  manager: conda
  platform: osx-64
  dependencies:
    __osx: '>=10.13'
    python: '>=3.13,<3.14.0a0'
    python_abi: 3.13.*
  url: https://conda.anaconda.org/conda-forge/osx-64/ruamel.yaml.clib-0.2.8-py313hb558fbc_1.conda
  hash:
    md5: d9f11ed93c18a0d4fce36373a43caadb
    sha256: 02ce4f34ca0e8acdcc67591142675657c9f4951f9cf65a5274dcb4f310227e88
  category: main
  optional: false
- name: sbt
  version: 1.10.2
  manager: conda
  platform: osx-64
  dependencies:
    __unix: ''
    openjdk: '>=8'
  url: https://conda.anaconda.org/conda-forge/noarch/sbt-1.10.2-h707e725_0.conda
  hash:
    md5: 2f3d38f664a9d9405d94e27b9665382c
    sha256: ca4d1fa32f267623acf1fac2df56bdb8201b6b68cdd4f49fcc4aca79c13bffa3
  category: main
  optional: false
- name: setuptools
  version: 80.8.0
  manager: conda
  platform: osx-64
  dependencies:
    python: '>=3.9'
  url: https://conda.anaconda.org/conda-forge/noarch/setuptools-80.8.0-pyhff2d567_0.conda
  hash:
    md5: ea075e94dc0106c7212128b6a25bbc4c
    sha256: 56ce31d15786e1df2f1105076f3650cd7c1892e0afeeb9aa92a08d2551af2e34
  category: main
  optional: false
- name: sigtool
  version: 0.1.3
  manager: conda
  platform: osx-64
  dependencies:
    openssl: '>=3.0.0,<4.0a0'
  url: https://conda.anaconda.org/conda-forge/osx-64/sigtool-0.1.3-h88f4db0_0.tar.bz2
  hash:
    md5: fbfb84b9de9a6939cb165c02c69b1865
    sha256: 46fdeadf8f8d725819c4306838cdfd1099cd8fe3e17bd78862a5dfdcd6de61cf
  category: main
  optional: false
- name: six
  version: 1.17.0
  manager: conda
  platform: osx-64
  dependencies:
    python: '>=3.9'
  url: https://conda.anaconda.org/conda-forge/noarch/six-1.17.0-pyhd8ed1ab_0.conda
  hash:
    md5: a451d576819089b0d672f18768be0f65
    sha256: 41db0180680cc67c3fa76544ffd48d6a5679d96f4b71d7498a759e94edc9a2db
  category: main
  optional: false
- name: smmap
  version: 5.0.2
  manager: conda
  platform: osx-64
  dependencies:
    python: '>=3.9'
  url: https://conda.anaconda.org/conda-forge/noarch/smmap-5.0.2-pyhd8ed1ab_0.conda
  hash:
    md5: 87f47a78808baf2fa1ea9c315a1e48f1
    sha256: eb92d0ad94b65af16c73071cc00cc0e10f2532be807beb52758aab2b06eb21e2
  category: main
  optional: false
- name: tapi
  version: 1300.6.5
  manager: conda
  platform: osx-64
  dependencies:
    __osx: '>=10.13'
    libcxx: '>=17.0.0.a0'
    ncurses: '>=6.5,<7.0a0'
  url: https://conda.anaconda.org/conda-forge/osx-64/tapi-1300.6.5-h390ca13_0.conda
  hash:
    md5: c6ee25eb54accb3f1c8fc39203acfaf1
    sha256: f97372a1c75b749298cb990405a690527e8004ff97e452ed2c59e4bc6a35d132
  category: main
  optional: false
- name: tk
  version: 8.6.13
  manager: conda
  platform: osx-64
  dependencies:
    libzlib: '>=1.2.13,<2.0.0a0'
  url: https://conda.anaconda.org/conda-forge/osx-64/tk-8.6.13-h1abcd95_1.conda
  hash:
    md5: bf830ba5afc507c6232d4ef0fb1a882d
    sha256: 30412b2e9de4ff82d8c2a7e5d06a15f4f4fef1809a72138b6ccb53a33b26faf5
  category: main
  optional: false
- name: tomli
  version: 2.2.1
  manager: conda
  platform: osx-64
  dependencies:
    python: '>=3.9'
  url: https://conda.anaconda.org/conda-forge/noarch/tomli-2.2.1-pyhd8ed1ab_1.conda
  hash:
    md5: ac944244f1fed2eb49bae07193ae8215
    sha256: 18636339a79656962723077df9a56c0ac7b8a864329eb8f847ee3d38495b863e
  category: main
  optional: false
- name: tomlkit
  version: 0.13.2
  manager: conda
  platform: osx-64
  dependencies:
    python: '>=3.9'
  url: https://conda.anaconda.org/conda-forge/noarch/tomlkit-0.13.2-pyha770c72_1.conda
  hash:
    md5: 1d9ab4fc875c52db83f9c9b40af4e2c8
    sha256: 986fae65f5568e95dbf858d08d77a0f9cca031345a98550f1d4b51d36d8811e2
  category: main
  optional: false
- name: toolz
  version: 0.12.1
  manager: conda
  platform: osx-64
  dependencies:
    python: '>=3.7'
  url: https://conda.anaconda.org/conda-forge/noarch/toolz-0.12.1-pyhd8ed1ab_0.conda
  hash:
    md5: 2fcb582444635e2c402e8569bb94e039
    sha256: 22b0a9790317526e08609d5dfdd828210ae89e6d444a9e954855fc29012e90c6
  category: main
  optional: false
- name: typing-extensions
  version: 4.13.2
  manager: conda
  platform: osx-64
  dependencies:
    typing_extensions: ==4.13.2
  url: https://conda.anaconda.org/conda-forge/noarch/typing-extensions-4.13.2-h0e9735f_0.conda
  hash:
    md5: 568ed1300869dca0ba09fb750cda5dbb
    sha256: 4865fce0897d3cb0ffc8998219157a8325f6011c136e6fd740a9a6b169419296
  category: main
  optional: false
- name: typing-inspection
  version: 0.4.1
  manager: conda
  platform: osx-64
  dependencies:
    python: '>=3.9'
    typing_extensions: '>=4.12.0'
  url: https://conda.anaconda.org/conda-forge/noarch/typing-inspection-0.4.1-pyhd8ed1ab_0.conda
  hash:
    md5: e0c3cd765dc15751ee2f0b03cd015712
    sha256: 4259a7502aea516c762ca8f3b8291b0d4114e094bdb3baae3171ccc0900e722f
  category: main
  optional: false
- name: typing_extensions
  version: 4.13.2
  manager: conda
  platform: osx-64
  dependencies:
    python: ''
  url: https://conda.anaconda.org/conda-forge/noarch/typing_extensions-4.13.2-pyh29332c3_0.conda
  hash:
    md5: 83fc6ae00127671e301c9f44254c31b8
    sha256: a8aaf351e6461de0d5d47e4911257e25eec2fa409d71f3b643bb2f748bde1c08
  category: main
  optional: false
- name: tzdata
  version: 2025b
  manager: conda
  platform: osx-64
  dependencies: {}
  url: https://conda.anaconda.org/conda-forge/noarch/tzdata-2025b-h78e105d_0.conda
  hash:
    md5: 4222072737ccff51314b5ece9c7d6f5a
    sha256: 5aaa366385d716557e365f0a4e9c3fca43ba196872abbbe3d56bb610d131e192
  category: main
  optional: false
- name: urllib3
  version: 1.26.19
  manager: conda
  platform: osx-64
  dependencies:
    brotli-python: '>=1.0.9'
    pysocks: '>=1.5.6,<2.0,!=1.5.7'
    python: '>=3.7'
  url: https://conda.anaconda.org/conda-forge/noarch/urllib3-1.26.19-pyhd8ed1ab_0.conda
  hash:
    md5: 6bb37c314b3cc1515dcf086ffe01c46e
    sha256: 543ebab5241418a4e0d4d9e356ef13e4361504810a067a01481660bb35eb5643
  category: main
  optional: false
- name: verilator
  version: 5.008_45_g0f6024ef3
  manager: conda
  platform: osx-64
  dependencies:
    bison: ''
    clangxx_osx-64: ''
    flex: ''
    ncurses: ''
  url: https://conda.anaconda.org/litex-hub/osx-64/verilator-5.008_45_g0f6024ef3-20230225_164303.tar.bz2
  hash:
    md5: 158bb8506ff424f56c43ef47ccfff6b4
    sha256: 41cf3db310d6fff6267a6821a9d2adfa95c383592be7122706d2df19647f981c
  category: main
  optional: false
- name: virtualenv
  version: 20.31.2
  manager: conda
  platform: osx-64
  dependencies:
    distlib: '>=0.3.7,<1'
    filelock: '>=3.12.2,<4'
    platformdirs: '>=3.9.1,<5'
    python: '>=3.9'
  url: https://conda.anaconda.org/conda-forge/noarch/virtualenv-20.31.2-pyhd8ed1ab_0.conda
  hash:
    md5: c0600c1b374efa7a1ff444befee108ca
    sha256: 763dc774200b2eebdf5437b112834c5455a1dd1c9b605340696950277ff36729
  category: main
  optional: false
- name: webencodings
  version: 0.5.1
  manager: conda
  platform: osx-64
  dependencies:
    python: '>=3.9'
  url: https://conda.anaconda.org/conda-forge/noarch/webencodings-0.5.1-pyhd8ed1ab_3.conda
  hash:
    md5: 2841eb5bfc75ce15e9a0054b98dcd64d
    sha256: 19ff205e138bb056a46f9e3839935a2e60bd1cf01c8241a5e172a422fed4f9c6
  category: main
  optional: false
- name: yaml
  version: 0.2.5
  manager: conda
  platform: osx-64
  dependencies: {}
  url: https://conda.anaconda.org/conda-forge/osx-64/yaml-0.2.5-h0d85af4_2.tar.bz2
  hash:
    md5: d7e08fcf8259d742156188e8762b4d20
    sha256: 5301417e2c8dea45b401ffee8df3957d2447d4ce80c83c5ff151fc6bfe1c4148
  category: main
  optional: false
- name: zipp
  version: 3.21.0
  manager: conda
  platform: osx-64
  dependencies:
    python: '>=3.9'
  url: https://conda.anaconda.org/conda-forge/noarch/zipp-3.21.0-pyhd8ed1ab_1.conda
  hash:
    md5: 0c3cc595284c5e8f0f9900a9b228a332
    sha256: 567c04f124525c97a096b65769834b7acb047db24b15a56888a322bf3966c3e1
  category: main
  optional: false
- name: zstd
  version: 1.5.7
  manager: conda
  platform: osx-64
  dependencies:
    __osx: '>=10.13'
    libzlib: '>=1.3.1,<2.0a0'
  url: https://conda.anaconda.org/conda-forge/osx-64/zstd-1.5.7-h8210216_2.conda
  hash:
    md5: cd60a4a5a8d6a476b30d8aa4bb49251a
    sha256: c171c43d0c47eed45085112cb00c8c7d4f0caa5a32d47f2daca727e45fb98dca
  category: main
  optional: false
